
Microsoft Visual Studio Solution File, Format Version 12.00
# Visual Studio Version 17
VisualStudioVersion = 17.7.34031.279
MinimumVisualStudioVersion = 10.0.40219.1
Project("{8BC9CEB8-8B4A-11D0-8D11-00A0C91BC942}") = "maquina_ejecucion", "maquina_ejecucion.vcxproj", "{EB790616-1D22-4AA6-8FFB-EAB085F1EC1A}"
EndProject
Global
	GlobalSection(SolutionConfigurationPlatforms) = preSolution
		Debug|x64 = Debug|x64
		Debug|x86 = Debug|x86
		Release|x64 = Release|x64
		Release|x86 = Release|x86
	EndGlobalSection
	GlobalSection(ProjectConfigurationPlatforms) = postSolution
		{EB790616-1D22-4AA6-8FFB-EAB085F1EC1A}.Debug|x64.ActiveCfg = Debug|x64
		{EB790616-1D22-4AA6-8FFB-EAB085F1EC1A}.Debug|x64.Build.0 = Debug|x64
		{EB790616-1D22-4AA6-8FFB-EAB085F1EC1A}.Debug|x86.ActiveCfg = Debug|Win32
		{EB790616-1D22-4AA6-8FFB-EAB085F1EC1A}.Debug|x86.Build.0 = Debug|Win32
		{EB790616-1D22-4AA6-8FFB-EAB085F1EC1A}.Release|x64.ActiveCfg = Release|x64
		{EB790616-1D22-4AA6-8FFB-EAB085F1EC1A}.Release|x64.Build.0 = Release|x64
		{EB790616-1D22-4AA6-8FFB-EAB085F1EC1A}.Release|x86.ActiveCfg = Release|Win32
		{EB790616-1D22-4AA6-8FFB-EAB085F1EC1A}.Release|x86.Build.0 = Release|Win32
	EndGlobalSection
	GlobalSection(SolutionProperties) = preSolution
		HideSolutionNode = FALSE
	EndGlobalSection
	GlobalSection(ExtensibilityGlobals) = postSolution
		SolutionGuid = {98BF069E-C448-4C91-9D5C-72CEAC5074EA}
	EndGlobalSection
EndGlobal
